{
  "requires": true,
  "lockfileVersion": 1,
  "dependencies": {
    "fhc-api": {
      "version": "1.0.47",
      "resolved": "https://registry.npmjs.org/fhc-api/-/fhc-api-1.0.47.tgz",
      "integrity": "sha512-eQ3wOTZesmH1IKzSuFZYAVOYdhLu6J3jNIRfSKf/qRJB7Z4Ufg5+9IXRO1pfTAPUAx5zugiDdmZb9Jk4StXP6g=="
    }
  }
}
